
Microsoft Visual Studio Solution File, Format Version 12.00
# Visual Studio Version 17
VisualStudioVersion = 17.13.35931.197
MinimumVisualStudioVersion = 10.0.40219.1
Project("{FAE04EC0-301F-11D3-BF4B-00C04F79EFBC}") = "SurfWebAutofac", "SurfWebAutofac\SurfWebAutofac.csproj", "{E9BAEE4A-931C-4096-816E-A07D014B4234}"
EndProject
Project("{FAE04EC0-301F-11D3-BF4B-00C04F79EFBC}") = "Model", "Model\Model.csproj", "{B4923625-668A-95CB-F92E-EAD08FFFA065}"
EndProject
Project("{FAE04EC0-301F-11D3-BF4B-00C04F79EFBC}") = "IServices", "IServices\IServices.csproj", "{D19AF8C2-7119-4F2D-86A0-F35ABB6665D4}"
EndProject
Project("{FAE04EC0-301F-11D3-BF4B-00C04F79EFBC}") = "Services", "Services\Services.csproj", "{01CDC286-B611-4E41-817F-14E276540184}"
EndProject
Project("{FAE04EC0-301F-11D3-BF4B-00C04F79EFBC}") = "Configurations", "Configurations\Configurations.csproj", "{EEA277B6-EFBD-4B55-953F-91A29E7C14F4}"
EndProject
Project("{2150E333-8FDC-42A3-9474-1A3956D46DE8}") = "WebApi", "WebApi", "{02EA681E-C7D8-13C7-8484-4AC65E1B71E8}"
EndProject
Project("{FAE04EC0-301F-11D3-BF4B-00C04F79EFBC}") = "Common", "Common\Common.csproj", "{D06B7DA7-2754-4E88-B518-776717BB6727}"
EndProject
Project("{2150E333-8FDC-42A3-9474-1A3956D46DE8}") = "Tools", "Tools", "{734C2FE9-0ABF-48A3-986C-6EEBF983BBC7}"
EndProject
Project("{FAE04EC0-301F-11D3-BF4B-00C04F79EFBC}") = "DataSync", "DataSync\DataSync.csproj", "{2D73B1BE-82F5-4B11-B6DE-31B3B8D65875}"
EndProject
Project("{FAE04EC0-301F-11D3-BF4B-00C04F79EFBC}") = "Utils", "Utils\Utils.csproj", "{51A7B6F7-1558-4275-AF9B-D82B3E9DF404}"
EndProject
Project("{FAE04EC0-301F-11D3-BF4B-00C04F79EFBC}") = "EFServices", "EFServices\EFServices.csproj", "{CF672980-1E84-4F76-9B82-876CBF47B69B}"
EndProject
Global
	GlobalSection(SolutionConfigurationPlatforms) = preSolution
		Debug|Any CPU = Debug|Any CPU
		Release|Any CPU = Release|Any CPU
	EndGlobalSection
	GlobalSection(ProjectConfigurationPlatforms) = postSolution
		{E9BAEE4A-931C-4096-816E-A07D014B4234}.Debug|Any CPU.ActiveCfg = Debug|Any CPU
		{E9BAEE4A-931C-4096-816E-A07D014B4234}.Debug|Any CPU.Build.0 = Debug|Any CPU
		{E9BAEE4A-931C-4096-816E-A07D014B4234}.Release|Any CPU.ActiveCfg = Release|Any CPU
		{E9BAEE4A-931C-4096-816E-A07D014B4234}.Release|Any CPU.Build.0 = Release|Any CPU
		{B4923625-668A-95CB-F92E-EAD08FFFA065}.Debug|Any CPU.ActiveCfg = Debug|Any CPU
		{B4923625-668A-95CB-F92E-EAD08FFFA065}.Debug|Any CPU.Build.0 = Debug|Any CPU
		{B4923625-668A-95CB-F92E-EAD08FFFA065}.Release|Any CPU.ActiveCfg = Release|Any CPU
		{B4923625-668A-95CB-F92E-EAD08FFFA065}.Release|Any CPU.Build.0 = Release|Any CPU
		{D19AF8C2-7119-4F2D-86A0-F35ABB6665D4}.Debug|Any CPU.ActiveCfg = Debug|Any CPU
		{D19AF8C2-7119-4F2D-86A0-F35ABB6665D4}.Debug|Any CPU.Build.0 = Debug|Any CPU
		{D19AF8C2-7119-4F2D-86A0-F35ABB6665D4}.Release|Any CPU.ActiveCfg = Release|Any CPU
		{D19AF8C2-7119-4F2D-86A0-F35ABB6665D4}.Release|Any CPU.Build.0 = Release|Any CPU
		{01CDC286-B611-4E41-817F-14E276540184}.Debug|Any CPU.ActiveCfg = Debug|Any CPU
		{01CDC286-B611-4E41-817F-14E276540184}.Debug|Any CPU.Build.0 = Debug|Any CPU
		{01CDC286-B611-4E41-817F-14E276540184}.Release|Any CPU.ActiveCfg = Release|Any CPU
		{01CDC286-B611-4E41-817F-14E276540184}.Release|Any CPU.Build.0 = Release|Any CPU
		{EEA277B6-EFBD-4B55-953F-91A29E7C14F4}.Debug|Any CPU.ActiveCfg = Debug|Any CPU
		{EEA277B6-EFBD-4B55-953F-91A29E7C14F4}.Debug|Any CPU.Build.0 = Debug|Any CPU
		{EEA277B6-EFBD-4B55-953F-91A29E7C14F4}.Release|Any CPU.ActiveCfg = Release|Any CPU
		{EEA277B6-EFBD-4B55-953F-91A29E7C14F4}.Release|Any CPU.Build.0 = Release|Any CPU
		{D06B7DA7-2754-4E88-B518-776717BB6727}.Debug|Any CPU.ActiveCfg = Debug|Any CPU
		{D06B7DA7-2754-4E88-B518-776717BB6727}.Debug|Any CPU.Build.0 = Debug|Any CPU
		{D06B7DA7-2754-4E88-B518-776717BB6727}.Release|Any CPU.ActiveCfg = Release|Any CPU
		{D06B7DA7-2754-4E88-B518-776717BB6727}.Release|Any CPU.Build.0 = Release|Any CPU
		{2D73B1BE-82F5-4B11-B6DE-31B3B8D65875}.Debug|Any CPU.ActiveCfg = Debug|Any CPU
		{2D73B1BE-82F5-4B11-B6DE-31B3B8D65875}.Debug|Any CPU.Build.0 = Debug|Any CPU
		{2D73B1BE-82F5-4B11-B6DE-31B3B8D65875}.Release|Any CPU.ActiveCfg = Release|Any CPU
		{2D73B1BE-82F5-4B11-B6DE-31B3B8D65875}.Release|Any CPU.Build.0 = Release|Any CPU
		{51A7B6F7-1558-4275-AF9B-D82B3E9DF404}.Debug|Any CPU.ActiveCfg = Debug|Any CPU
		{51A7B6F7-1558-4275-AF9B-D82B3E9DF404}.Debug|Any CPU.Build.0 = Debug|Any CPU
		{51A7B6F7-1558-4275-AF9B-D82B3E9DF404}.Release|Any CPU.ActiveCfg = Release|Any CPU
		{51A7B6F7-1558-4275-AF9B-D82B3E9DF404}.Release|Any CPU.Build.0 = Release|Any CPU
		{CF672980-1E84-4F76-9B82-876CBF47B69B}.Debug|Any CPU.ActiveCfg = Debug|Any CPU
		{CF672980-1E84-4F76-9B82-876CBF47B69B}.Debug|Any CPU.Build.0 = Debug|Any CPU
		{CF672980-1E84-4F76-9B82-876CBF47B69B}.Release|Any CPU.ActiveCfg = Release|Any CPU
		{CF672980-1E84-4F76-9B82-876CBF47B69B}.Release|Any CPU.Build.0 = Release|Any CPU
	EndGlobalSection
	GlobalSection(SolutionProperties) = preSolution
		HideSolutionNode = FALSE
	EndGlobalSection
	GlobalSection(NestedProjects) = preSolution
		{E9BAEE4A-931C-4096-816E-A07D014B4234} = {02EA681E-C7D8-13C7-8484-4AC65E1B71E8}
		{2D73B1BE-82F5-4B11-B6DE-31B3B8D65875} = {734C2FE9-0ABF-48A3-986C-6EEBF983BBC7}
	EndGlobalSection
	GlobalSection(ExtensibilityGlobals) = postSolution
		SolutionGuid = {90DAADBE-DDD4-4A52-9AE6-4C13AE23DE84}
	EndGlobalSection
EndGlobal
